
Microsoft Visual Studio Solution File, Format Version 12.00
# Visual Studio Version 17
VisualStudioVersion = 17.12.35728.132
MinimumVisualStudioVersion = 10.0.40219.1
Project("{FAE04EC0-301F-11D3-BF4B-00C04F79EFBC}") = "Phaeyz.Png", "Phaeyz.Png\Phaeyz.Png.csproj", "{C1722989-EB95-422E-A732-39D8DC1562D8}"
EndProject
Project("{FAE04EC0-301F-11D3-BF4B-00C04F79EFBC}") = "Phaeyz.Png.Test", "Phaeyz.Png.Test\Phaeyz.Png.Test.csproj", "{9B683205-B78C-4020-A5B1-787C7926C349}"
EndProject
Project("{FAE04EC0-301F-11D3-BF4B-00C04F79EFBC}") = "DocGenerator", "DocGenerator\DocGenerator.csproj", "{426EBEF9-9034-48CB-B768-8D9AF16DAF3C}"
EndProject
Global
	GlobalSection(SolutionConfigurationPlatforms) = preSolution
		Debug|Any CPU = Debug|Any CPU
		Release|Any CPU = Release|Any CPU
	EndGlobalSection
	GlobalSection(ProjectConfigurationPlatforms) = postSolution
		{C1722989-EB95-422E-A732-39D8DC1562D8}.Debug|Any CPU.ActiveCfg = Debug|Any CPU
		{C1722989-EB95-422E-A732-39D8DC1562D8}.Debug|Any CPU.Build.0 = Debug|Any CPU
		{C1722989-EB95-422E-A732-39D8DC1562D8}.Release|Any CPU.ActiveCfg = Release|Any CPU
		{C1722989-EB95-422E-A732-39D8DC1562D8}.Release|Any CPU.Build.0 = Release|Any CPU
		{9B683205-B78C-4020-A5B1-787C7926C349}.Debug|Any CPU.ActiveCfg = Debug|Any CPU
		{9B683205-B78C-4020-A5B1-787C7926C349}.Debug|Any CPU.Build.0 = Debug|Any CPU
		{9B683205-B78C-4020-A5B1-787C7926C349}.Release|Any CPU.ActiveCfg = Release|Any CPU
		{9B683205-B78C-4020-A5B1-787C7926C349}.Release|Any CPU.Build.0 = Release|Any CPU
		{426EBEF9-9034-48CB-B768-8D9AF16DAF3C}.Debug|Any CPU.ActiveCfg = Debug|Any CPU
		{426EBEF9-9034-48CB-B768-8D9AF16DAF3C}.Debug|Any CPU.Build.0 = Debug|Any CPU
		{426EBEF9-9034-48CB-B768-8D9AF16DAF3C}.Release|Any CPU.ActiveCfg = Release|Any CPU
		{426EBEF9-9034-48CB-B768-8D9AF16DAF3C}.Release|Any CPU.Build.0 = Release|Any CPU
	EndGlobalSection
	GlobalSection(SolutionProperties) = preSolution
		HideSolutionNode = FALSE
	EndGlobalSection
EndGlobal
